
Microsoft Visual Studio Solution File, Format Version 12.00
# Visual Studio 15
Project("{FAE04EC0-301F-11D3-BF4B-00C04F79EFBC}") = "Classes_objects", "Classes_objects.csproj", "{51D120F9-ADFA-42E9-8F1F-B20A832ED462}"
EndProject
Global
	GlobalSection(SolutionConfigurationPlatforms) = preSolution
		Debug|Any CPU = Debug|Any CPU
		Release|Any CPU = Release|Any CPU
	EndGlobalSection
	GlobalSection(ProjectConfigurationPlatforms) = postSolution
		{51D120F9-ADFA-42E9-8F1F-B20A832ED462}.Debug|Any CPU.ActiveCfg = Debug|Any CPU
		{51D120F9-ADFA-42E9-8F1F-B20A832ED462}.Debug|Any CPU.Build.0 = Debug|Any CPU
		{51D120F9-ADFA-42E9-8F1F-B20A832ED462}.Release|Any CPU.ActiveCfg = Release|Any CPU
		{51D120F9-ADFA-42E9-8F1F-B20A832ED462}.Release|Any CPU.Build.0 = Release|Any CPU
	EndGlobalSection
EndGlobal
