
Microsoft Visual Studio Solution File, Format Version 12.00
# Visual Studio 15
Project("{FAE04EC0-301F-11D3-BF4B-00C04F79EFBC}") = "WriteMultipleLines", "WriteMultipleLines.csproj", "{6398B7FA-C275-445B-A1AC-3D6031D04468}"
EndProject
Global
	GlobalSection(SolutionConfigurationPlatforms) = preSolution
		Debug|Any CPU = Debug|Any CPU
		Release|Any CPU = Release|Any CPU
	EndGlobalSection
	GlobalSection(ProjectConfigurationPlatforms) = postSolution
		{6398B7FA-C275-445B-A1AC-3D6031D04468}.Debug|Any CPU.ActiveCfg = Debug|Any CPU
		{6398B7FA-C275-445B-A1AC-3D6031D04468}.Debug|Any CPU.Build.0 = Debug|Any CPU
		{6398B7FA-C275-445B-A1AC-3D6031D04468}.Release|Any CPU.ActiveCfg = Release|Any CPU
		{6398B7FA-C275-445B-A1AC-3D6031D04468}.Release|Any CPU.Build.0 = Release|Any CPU
	EndGlobalSection
EndGlobal
